// !$*UTF8*$!
{
	archiveVersion = 1;
	classes = {
	};
	objectVersion = 52;
	objects = {

/* Begin PBXBuildFile section */
		281B284226C56F5200636A0D /* AppDelegate.swift in Sources */ = {isa = PBXBuildFile; fileRef = 281B284126C56F5200636A0D /* AppDelegate.swift */; };
		281B284426C56F5200636A0D /* SceneDelegate.swift in Sources */ = {isa = PBXBuildFile; fileRef = 281B284326C56F5200636A0D /* SceneDelegate.swift */; };
		281B284626C56F5200636A0D /* OnboardingViewController.swift in Sources */ = {isa = PBXBuildFile; fileRef = 281B284526C56F5200636A0D /* OnboardingViewController.swift */; };
		281B284926C56F5200636A0D /* Main.storyboard in Resources */ = {isa = PBXBuildFile; fileRef = 281B284726C56F5200636A0D /* Main.storyboard */; };
		281B284C26C56F5200636A0D /* FoodOrderingApp.xcdatamodeld in Sources */ = {isa = PBXBuildFile; fileRef = 281B284A26C56F5200636A0D /* FoodOrderingApp.xcdatamodeld */; };
		281B284E26C56F5400636A0D /* Assets.xcassets in Resources */ = {isa = PBXBuildFile; fileRef = 281B284D26C56F5400636A0D /* Assets.xcassets */; };
		281B285126C56F5400636A0D /* LaunchScreen.storyboard in Resources */ = {isa = PBXBuildFile; fileRef = 281B284F26C56F5400636A0D /* LaunchScreen.storyboard */; };
		281B285F26C57DDE00636A0D /* OnboardingSlide.swift in Sources */ = {isa = PBXBuildFile; fileRef = 281B285E26C57DDE00636A0D /* OnboardingSlide.swift */; };
		281B286126C57F3800636A0D /* OnboardingViewCell.swift in Sources */ = {isa = PBXBuildFile; fileRef = 281B286026C57F3800636A0D /* OnboardingViewCell.swift */; };
		281B286526C58CE400636A0D /* SignInViewController.swift in Sources */ = {isa = PBXBuildFile; fileRef = 281B286426C58CE400636A0D /* SignInViewController.swift */; };
		281B286B26C81FA700636A0D /* SignUpViewController.swift in Sources */ = {isa = PBXBuildFile; fileRef = 281B286A26C81FA700636A0D /* SignUpViewController.swift */; };
		281B287226C8282400636A0D /* GoogleService-Info.plist in Resources */ = {isa = PBXBuildFile; fileRef = 281B287126C8282400636A0D /* GoogleService-Info.plist */; };
		281B287E26C838FD00636A0D /* GetLocationViewController.swift in Sources */ = {isa = PBXBuildFile; fileRef = 281B287D26C838FD00636A0D /* GetLocationViewController.swift */; };
		281B288426CACD3000636A0D /* FirebaseFirestoreSwift-Beta in Frameworks */ = {isa = PBXBuildFile; productRef = 281B288326CACD3000636A0D /* FirebaseFirestoreSwift-Beta */; };
		281B288626CACD3000636A0D /* FirebaseStorage in Frameworks */ = {isa = PBXBuildFile; productRef = 281B288526CACD3000636A0D /* FirebaseStorage */; };
		281B288826CACD3000636A0D /* FirebaseAuth in Frameworks */ = {isa = PBXBuildFile; productRef = 281B288726CACD3000636A0D /* FirebaseAuth */; };
		281B288A26CACD3000636A0D /* FirebaseFirestore in Frameworks */ = {isa = PBXBuildFile; productRef = 281B288926CACD3000636A0D /* FirebaseFirestore */; };
		28485E5D26CF8B2300146837 /* MealPortraitCollectionViewCell.swift in Sources */ = {isa = PBXBuildFile; fileRef = 28485E5B26CF8B2300146837 /* MealPortraitCollectionViewCell.swift */; };
		28485E5E26CF8B2300146837 /* MealPortraitCollectionViewCell.xib in Resources */ = {isa = PBXBuildFile; fileRef = 28485E5C26CF8B2300146837 /* MealPortraitCollectionViewCell.xib */; };
		28485E6026CF8FE500146837 /* Meal.swift in Sources */ = {isa = PBXBuildFile; fileRef = 28485E5F26CF8FE500146837 /* Meal.swift */; };
		28485E6426CFA80400146837 /* MealLandscapeCollectionViewCell.swift in Sources */ = {isa = PBXBuildFile; fileRef = 28485E6226CFA80400146837 /* MealLandscapeCollectionViewCell.swift */; };
		28485E6526CFA80400146837 /* MealLandscapeCollectionViewCell.xib in Resources */ = {isa = PBXBuildFile; fileRef = 28485E6326CFA80400146837 /* MealLandscapeCollectionViewCell.xib */; };
		28485E6826D00BE000146837 /* MealDetailViewController.swift in Sources */ = {isa = PBXBuildFile; fileRef = 28485E6726D00BE000146837 /* MealDetailViewController.swift */; };
		28485E6B26D035D300146837 /* CategoryMealListViewController.swift in Sources */ = {isa = PBXBuildFile; fileRef = 28485E6A26D035D300146837 /* CategoryMealListViewController.swift */; };
		28485E7026D0370500146837 /* MealListTableViewCell.swift in Sources */ = {isa = PBXBuildFile; fileRef = 28485E6E26D0370500146837 /* MealListTableViewCell.swift */; };
		28485E7126D0370500146837 /* MealListTableViewCell.xib in Resources */ = {isa = PBXBuildFile; fileRef = 28485E6F26D0370500146837 /* MealListTableViewCell.xib */; };
		28485E7326D04B6500146837 /* ApiResponse.swift in Sources */ = {isa = PBXBuildFile; fileRef = 28485E7226D04B6500146837 /* ApiResponse.swift */; };
		28485E7526D04BAA00146837 /* AppError.swift in Sources */ = {isa = PBXBuildFile; fileRef = 28485E7426D04BAA00146837 /* AppError.swift */; };
		28485E7726D04BCE00146837 /* Methods.swift in Sources */ = {isa = PBXBuildFile; fileRef = 28485E7626D04BCE00146837 /* Methods.swift */; };
		28485E7926D04BEE00146837 /* Route.swift in Sources */ = {isa = PBXBuildFile; fileRef = 28485E7826D04BEE00146837 /* Route.swift */; };
		28485E7B26D04EF400146837 /* NetworkService.swift in Sources */ = {isa = PBXBuildFile; fileRef = 28485E7A26D04EF400146837 /* NetworkService.swift */; };
		28485E7E26D06FEE00146837 /* SearchViewController.swift in Sources */ = {isa = PBXBuildFile; fileRef = 28485E7D26D06FEE00146837 /* SearchViewController.swift */; };
		28485E8126D074B300146837 /* UICollectionView+Extension.swift in Sources */ = {isa = PBXBuildFile; fileRef = 28485E8026D074B300146837 /* UICollectionView+Extension.swift */; };
		28485E8426D07F0000146837 /* OrderViewController.swift in Sources */ = {isa = PBXBuildFile; fileRef = 28485E8326D07F0000146837 /* OrderViewController.swift */; };
		28864C2926CD62A70015DA92 /* HomeViewController.swift in Sources */ = {isa = PBXBuildFile; fileRef = 28864C2826CD62A70015DA92 /* HomeViewController.swift */; };
		28864C2F26CEBDD70015DA92 /* CategoryCollectionViewCell.swift in Sources */ = {isa = PBXBuildFile; fileRef = 28864C2D26CEBDD70015DA92 /* CategoryCollectionViewCell.swift */; };
		28864C3026CEBDD70015DA92 /* CategoryCollectionViewCell.xib in Resources */ = {isa = PBXBuildFile; fileRef = 28864C2E26CEBDD70015DA92 /* CategoryCollectionViewCell.xib */; };
		28864C3326CEBFC50015DA92 /* MealCategory.swift in Sources */ = {isa = PBXBuildFile; fileRef = 28864C3226CEBFC50015DA92 /* MealCategory.swift */; };
		28864C3626CEC0990015DA92 /* Kingfisher in Frameworks */ = {isa = PBXBuildFile; productRef = 28864C3526CEC0990015DA92 /* Kingfisher */; };
		28864C3926CEC1430015DA92 /* CardView.swift in Sources */ = {isa = PBXBuildFile; fileRef = 28864C3826CEC1430015DA92 /* CardView.swift */; };
		28F6450226D24297009B1792 /* OrderCollectionViewCell.swift in Sources */ = {isa = PBXBuildFile; fileRef = 28F6450026D24297009B1792 /* OrderCollectionViewCell.swift */; };
		28F6450326D24297009B1792 /* OrderCollectionViewCell.xib in Resources */ = {isa = PBXBuildFile; fileRef = 28F6450126D24297009B1792 /* OrderCollectionViewCell.xib */; };
		28F6450626D2442B009B1792 /* Order.swift in Sources */ = {isa = PBXBuildFile; fileRef = 28F6450526D2442B009B1792 /* Order.swift */; };
		28F6450926D24BE8009B1792 /* ProgressHUD in Frameworks */ = {isa = PBXBuildFile; productRef = 28F6450826D24BE8009B1792 /* ProgressHUD */; };
		28F6450B26D274AC009B1792 /* README.md in Resources */ = {isa = PBXBuildFile; fileRef = 28F6450A26D274AC009B1792 /* README.md */; };
/* End PBXBuildFile section */

/* Begin PBXFileReference section */
		281B283E26C56F5200636A0D /* FoodOrderingApp.app */ = {isa = PBXFileReference; explicitFileType = wrapper.application; includeInIndex = 0; path = FoodOrderingApp.app; sourceTree = BUILT_PRODUCTS_DIR; };
		281B284126C56F5200636A0D /* AppDelegate.swift */ = {isa = PBXFileReference; lastKnownFileType = sourcecode.swift; path = AppDelegate.swift; sourceTree = "<group>"; };
		281B284326C56F5200636A0D /* SceneDelegate.swift */ = {isa = PBXFileReference; lastKnownFileType = sourcecode.swift; path = SceneDelegate.swift; sourceTree = "<group>"; };
		281B284526C56F5200636A0D /* OnboardingViewController.swift */ = {isa = PBXFileReference; lastKnownFileType = sourcecode.swift; path = OnboardingViewController.swift; sourceTree = "<group>"; };
		281B284826C56F5200636A0D /* Base */ = {isa = PBXFileReference; lastKnownFileType = file.storyboard; name = Base; path = Base.lproj/Main.storyboard; sourceTree = "<group>"; };
		281B284B26C56F5200636A0D /* FoodOrderingApp.xcdatamodel */ = {isa = PBXFileReference; lastKnownFileType = wrapper.xcdatamodel; path = FoodOrderingApp.xcdatamodel; sourceTree = "<group>"; };
		281B284D26C56F5400636A0D /* Assets.xcassets */ = {isa = PBXFileReference; lastKnownFileType = folder.assetcatalog; path = Assets.xcassets; sourceTree = "<group>"; };
		281B285026C56F5400636A0D /* Base */ = {isa = PBXFileReference; lastKnownFileType = file.storyboard; name = Base; path = Base.lproj/LaunchScreen.storyboard; sourceTree = "<group>"; };
		281B285226C56F5400636A0D /* Info.plist */ = {isa = PBXFileReference; lastKnownFileType = text.plist.xml; path = Info.plist; sourceTree = "<group>"; };
		281B285E26C57DDE00636A0D /* OnboardingSlide.swift */ = {isa = PBXFileReference; lastKnownFileType = sourcecode.swift; path = OnboardingSlide.swift; sourceTree = "<group>"; };
		281B286026C57F3800636A0D /* OnboardingViewCell.swift */ = {isa = PBXFileReference; lastKnownFileType = sourcecode.swift; path = OnboardingViewCell.swift; sourceTree = "<group>"; };
		281B286426C58CE400636A0D /* SignInViewController.swift */ = {isa = PBXFileReference; lastKnownFileType = sourcecode.swift; path = SignInViewController.swift; sourceTree = "<group>"; };
		281B286A26C81FA700636A0D /* SignUpViewController.swift */ = {isa = PBXFileReference; lastKnownFileType = sourcecode.swift; path = SignUpViewController.swift; sourceTree = "<group>"; };
		281B287126C8282400636A0D /* GoogleService-Info.plist */ = {isa = PBXFileReference; fileEncoding = 4; lastKnownFileType = text.plist.xml; path = "GoogleService-Info.plist"; sourceTree = "<group>"; };
		281B287D26C838FD00636A0D /* GetLocationViewController.swift */ = {isa = PBXFileReference; lastKnownFileType = sourcecode.swift; path = GetLocationViewController.swift; sourceTree = "<group>"; };
		28485E5B26CF8B2300146837 /* MealPortraitCollectionViewCell.swift */ = {isa = PBXFileReference; lastKnownFileType = sourcecode.swift; path = MealPortraitCollectionViewCell.swift; sourceTree = "<group>"; };
		28485E5C26CF8B2300146837 /* MealPortraitCollectionViewCell.xib */ = {isa = PBXFileReference; lastKnownFileType = file.xib; path = MealPortraitCollectionViewCell.xib; sourceTree = "<group>"; };
		28485E5F26CF8FE500146837 /* Meal.swift */ = {isa = PBXFileReference; lastKnownFileType = sourcecode.swift; path = Meal.swift; sourceTree = "<group>"; };
		28485E6226CFA80400146837 /* MealLandscapeCollectionViewCell.swift */ = {isa = PBXFileReference; lastKnownFileType = sourcecode.swift; path = MealLandscapeCollectionViewCell.swift; sourceTree = "<group>"; };
		28485E6326CFA80400146837 /* MealLandscapeCollectionViewCell.xib */ = {isa = PBXFileReference; lastKnownFileType = file.xib; path = MealLandscapeCollectionViewCell.xib; sourceTree = "<group>"; };
		28485E6726D00BE000146837 /* MealDetailViewController.swift */ = {isa = PBXFileReference; lastKnownFileType = sourcecode.swift; path = MealDetailViewController.swift; sourceTree = "<group>"; };
		28485E6A26D035D300146837 /* CategoryMealListViewController.swift */ = {isa = PBXFileReference; lastKnownFileType = sourcecode.swift; path = CategoryMealListViewController.swift; sourceTree = "<group>"; };
		28485E6E26D0370500146837 /* MealListTableViewCell.swift */ = {isa = PBXFileReference; lastKnownFileType = sourcecode.swift; path = MealListTableViewCell.swift; sourceTree = "<group>"; };
		28485E6F26D0370500146837 /* MealListTableViewCell.xib */ = {isa = PBXFileReference; lastKnownFileType = file.xib; path = MealListTableViewCell.xib; sourceTree = "<group>"; };
		28485E7226D04B6500146837 /* ApiResponse.swift */ = {isa = PBXFileReference; lastKnownFileType = sourcecode.swift; path = ApiResponse.swift; sourceTree = "<group>"; };
		28485E7426D04BAA00146837 /* AppError.swift */ = {isa = PBXFileReference; lastKnownFileType = sourcecode.swift; path = AppError.swift; sourceTree = "<group>"; };
		28485E7626D04BCE00146837 /* Methods.swift */ = {isa = PBXFileReference; lastKnownFileType = sourcecode.swift; path = Methods.swift; sourceTree = "<group>"; };
		28485E7826D04BEE00146837 /* Route.swift */ = {isa = PBXFileReference; lastKnownFileType = sourcecode.swift; path = Route.swift; sourceTree = "<group>"; };
		28485E7A26D04EF400146837 /* NetworkService.swift */ = {isa = PBXFileReference; lastKnownFileType = sourcecode.swift; path = NetworkService.swift; sourceTree = "<group>"; };
		28485E7D26D06FEE00146837 /* SearchViewController.swift */ = {isa = PBXFileReference; lastKnownFileType = sourcecode.swift; path = SearchViewController.swift; sourceTree = "<group>"; };
		28485E8026D074B300146837 /* UICollectionView+Extension.swift */ = {isa = PBXFileReference; lastKnownFileType = sourcecode.swift; path = "UICollectionView+Extension.swift"; sourceTree = "<group>"; };
		28485E8326D07F0000146837 /* OrderViewController.swift */ = {isa = PBXFileReference; lastKnownFileType = sourcecode.swift; path = OrderViewController.swift; sourceTree = "<group>"; };
		28864C2826CD62A70015DA92 /* HomeViewController.swift */ = {isa = PBXFileReference; lastKnownFileType = sourcecode.swift; path = HomeViewController.swift; sourceTree = "<group>"; };
		28864C2D26CEBDD70015DA92 /* CategoryCollectionViewCell.swift */ = {isa = PBXFileReference; lastKnownFileType = sourcecode.swift; path = CategoryCollectionViewCell.swift; sourceTree = "<group>"; };
		28864C2E26CEBDD70015DA92 /* CategoryCollectionViewCell.xib */ = {isa = PBXFileReference; lastKnownFileType = file.xib; path = CategoryCollectionViewCell.xib; sourceTree = "<group>"; };
		28864C3226CEBFC50015DA92 /* MealCategory.swift */ = {isa = PBXFileReference; lastKnownFileType = sourcecode.swift; path = MealCategory.swift; sourceTree = "<group>"; };
		28864C3826CEC1430015DA92 /* CardView.swift */ = {isa = PBXFileReference; lastKnownFileType = sourcecode.swift; path = CardView.swift; sourceTree = "<group>"; };
		28F6450026D24297009B1792 /* OrderCollectionViewCell.swift */ = {isa = PBXFileReference; lastKnownFileType = sourcecode.swift; path = OrderCollectionViewCell.swift; sourceTree = "<group>"; };
		28F6450126D24297009B1792 /* OrderCollectionViewCell.xib */ = {isa = PBXFileReference; lastKnownFileType = file.xib; path = OrderCollectionViewCell.xib; sourceTree = "<group>"; };
		28F6450526D2442B009B1792 /* Order.swift */ = {isa = PBXFileReference; lastKnownFileType = sourcecode.swift; path = Order.swift; sourceTree = "<group>"; };
		28F6450A26D274AC009B1792 /* README.md */ = {isa = PBXFileReference; lastKnownFileType = net.daringfireball.markdown; path = README.md; sourceTree = "<group>"; };
/* End PBXFileReference section */

/* Begin PBXFrameworksBuildPhase section */
		281B283B26C56F5200636A0D /* Frameworks */ = {
			isa = PBXFrameworksBuildPhase;
			buildActionMask = 2147483647;
			files = (
				281B288426CACD3000636A0D /* FirebaseFirestoreSwift-Beta in Frameworks */,
				281B288A26CACD3000636A0D /* FirebaseFirestore in Frameworks */,
				281B288826CACD3000636A0D /* FirebaseAuth in Frameworks */,
				28F6450926D24BE8009B1792 /* ProgressHUD in Frameworks */,
				281B288626CACD3000636A0D /* FirebaseStorage in Frameworks */,
				28864C3626CEC0990015DA92 /* Kingfisher in Frameworks */,
			);
			runOnlyForDeploymentPostprocessing = 0;
		};
/* End PBXFrameworksBuildPhase section */

/* Begin PBXGroup section */
		281B283526C56F5200636A0D = {
			isa = PBXGroup;
			children = (
				28F6450A26D274AC009B1792 /* README.md */,
				281B284026C56F5200636A0D /* FoodOrderingApp */,
				281B283F26C56F5200636A0D /* Products */,
			);
			sourceTree = "<group>";
		};
		281B283F26C56F5200636A0D /* Products */ = {
			isa = PBXGroup;
			children = (
				281B283E26C56F5200636A0D /* FoodOrderingApp.app */,
			);
			name = Products;
			sourceTree = "<group>";
		};
		281B284026C56F5200636A0D /* FoodOrderingApp */ = {
			isa = PBXGroup;
			children = (
				28485E7F26D0749600146837 /* Extensions */,
				281B285826C57D6D00636A0D /* Service */,
				281B285B26C57D8600636A0D /* Models */,
				281B285A26C57D8000636A0D /* Views */,
				281B285926C57D7300636A0D /* Controllers */,
				281B284126C56F5200636A0D /* AppDelegate.swift */,
				281B284326C56F5200636A0D /* SceneDelegate.swift */,
				281B284726C56F5200636A0D /* Main.storyboard */,
				281B284D26C56F5400636A0D /* Assets.xcassets */,
				281B284F26C56F5400636A0D /* LaunchScreen.storyboard */,
				281B285226C56F5400636A0D /* Info.plist */,
				281B287126C8282400636A0D /* GoogleService-Info.plist */,
				281B284A26C56F5200636A0D /* FoodOrderingApp.xcdatamodeld */,
			);
			path = FoodOrderingApp;
			sourceTree = "<group>";
		};
		281B285826C57D6D00636A0D /* Service */ = {
			isa = PBXGroup;
			children = (
				28485E7A26D04EF400146837 /* NetworkService.swift */,
				28485E7826D04BEE00146837 /* Route.swift */,
				28485E7626D04BCE00146837 /* Methods.swift */,
				28485E7426D04BAA00146837 /* AppError.swift */,
				28485E7226D04B6500146837 /* ApiResponse.swift */,
			);
			path = Service;
			sourceTree = "<group>";
		};
		281B285926C57D7300636A0D /* Controllers */ = {
			isa = PBXGroup;
			children = (
				28485E8226D07EED00146837 /* Order */,
				28485E7C26D06FD800146837 /* Search */,
				28485E6926D035A700146837 /* CategoryMealList */,
				28485E6626D00BBF00146837 /* MealDetail */,
				28864C2726CD62970015DA92 /* Home */,
				281B287C26C838DB00636A0D /* GetLocation */,
				281B286926C81F8E00636A0D /* SignUp */,
				281B286326C58CAF00636A0D /* SıgnIn */,
				281B285C26C57DA600636A0D /* Onboarding */,
			);
			path = Controllers;
			sourceTree = "<group>";
		};
		281B285A26C57D8000636A0D /* Views */ = {
			isa = PBXGroup;
			children = (
				28864C2A26CEBD700015DA92 /* CustomViews */,
				281B286226C57F3C00636A0D /* Onboarding */,
			);
			path = Views;
			sourceTree = "<group>";
		};
		281B285B26C57D8600636A0D /* Models */ = {
			isa = PBXGroup;
			children = (
				28864C3126CEBFAF0015DA92 /* Meal */,
				281B285D26C57DC700636A0D /* Onboarding */,
			);
			path = Models;
			sourceTree = "<group>";
		};
		281B285C26C57DA600636A0D /* Onboarding */ = {
			isa = PBXGroup;
			children = (
				281B284526C56F5200636A0D /* OnboardingViewController.swift */,
			);
			path = Onboarding;
			sourceTree = "<group>";
		};
		281B285D26C57DC700636A0D /* Onboarding */ = {
			isa = PBXGroup;
			children = (
				281B285E26C57DDE00636A0D /* OnboardingSlide.swift */,
			);
			path = Onboarding;
			sourceTree = "<group>";
		};
		281B286226C57F3C00636A0D /* Onboarding */ = {
			isa = PBXGroup;
			children = (
				281B286026C57F3800636A0D /* OnboardingViewCell.swift */,
			);
			path = Onboarding;
			sourceTree = "<group>";
		};
		281B286326C58CAF00636A0D /* SıgnIn */ = {
			isa = PBXGroup;
			children = (
				281B286426C58CE400636A0D /* SignInViewController.swift */,
			);
			path = "SıgnIn";
			sourceTree = "<group>";
		};
		281B286926C81F8E00636A0D /* SignUp */ = {
			isa = PBXGroup;
			children = (
				281B286A26C81FA700636A0D /* SignUpViewController.swift */,
			);
			path = SignUp;
			sourceTree = "<group>";
		};
		281B287C26C838DB00636A0D /* GetLocation */ = {
			isa = PBXGroup;
			children = (
				281B287D26C838FD00636A0D /* GetLocationViewController.swift */,
			);
			path = GetLocation;
			sourceTree = "<group>";
		};
		28485E5A26CF8A4D00146837 /* MealPortraitCollectionViewCell */ = {
			isa = PBXGroup;
			children = (
				28485E5B26CF8B2300146837 /* MealPortraitCollectionViewCell.swift */,
				28485E5C26CF8B2300146837 /* MealPortraitCollectionViewCell.xib */,
			);
			path = MealPortraitCollectionViewCell;
			sourceTree = "<group>";
		};
		28485E6126CFA7DD00146837 /* MealLandscapeCollectionViewCell */ = {
			isa = PBXGroup;
			children = (
				28485E6226CFA80400146837 /* MealLandscapeCollectionViewCell.swift */,
				28485E6326CFA80400146837 /* MealLandscapeCollectionViewCell.xib */,
			);
			path = MealLandscapeCollectionViewCell;
			sourceTree = "<group>";
		};
		28485E6626D00BBF00146837 /* MealDetail */ = {
			isa = PBXGroup;
			children = (
				28485E6726D00BE000146837 /* MealDetailViewController.swift */,
			);
			path = MealDetail;
			sourceTree = "<group>";
		};
		28485E6926D035A700146837 /* CategoryMealList */ = {
			isa = PBXGroup;
			children = (
				28485E6A26D035D300146837 /* CategoryMealListViewController.swift */,
			);
			path = CategoryMealList;
			sourceTree = "<group>";
		};
		28485E6C26D036B200146837 /* TableViewCells */ = {
			isa = PBXGroup;
			children = (
				28485E6D26D036CB00146837 /* MealListTableViewCell */,
			);
			path = TableViewCells;
			sourceTree = "<group>";
		};
		28485E6D26D036CB00146837 /* MealListTableViewCell */ = {
			isa = PBXGroup;
			children = (
				28485E6F26D0370500146837 /* MealListTableViewCell.xib */,
				28485E6E26D0370500146837 /* MealListTableViewCell.swift */,
			);
			path = MealListTableViewCell;
			sourceTree = "<group>";
		};
		28485E7C26D06FD800146837 /* Search */ = {
			isa = PBXGroup;
			children = (
				28485E7D26D06FEE00146837 /* SearchViewController.swift */,
			);
			path = Search;
			sourceTree = "<group>";
		};
		28485E7F26D0749600146837 /* Extensions */ = {
			isa = PBXGroup;
			children = (
				28485E8026D074B300146837 /* UICollectionView+Extension.swift */,
			);
			path = Extensions;
			sourceTree = "<group>";
		};
		28485E8226D07EED00146837 /* Order */ = {
			isa = PBXGroup;
			children = (
				28485E8326D07F0000146837 /* OrderViewController.swift */,
			);
			path = Order;
			sourceTree = "<group>";
		};
		28485E8526D18FFB00146837 /* OrderCollectionViewCell */ = {
			isa = PBXGroup;
			children = (
				28F6450026D24297009B1792 /* OrderCollectionViewCell.swift */,
				28F6450126D24297009B1792 /* OrderCollectionViewCell.xib */,
			);
			path = OrderCollectionViewCell;
			sourceTree = "<group>";
		};
		28864C2726CD62970015DA92 /* Home */ = {
			isa = PBXGroup;
			children = (
				28864C2826CD62A70015DA92 /* HomeViewController.swift */,
			);
			path = Home;
			sourceTree = "<group>";
		};
		28864C2A26CEBD700015DA92 /* CustomViews */ = {
			isa = PBXGroup;
			children = (
				28485E8526D18FFB00146837 /* OrderCollectionViewCell */,
				28485E6C26D036B200146837 /* TableViewCells */,
				28485E6126CFA7DD00146837 /* MealLandscapeCollectionViewCell */,
				28864C3726CEC12F0015DA92 /* CardView */,
				28485E5A26CF8A4D00146837 /* MealPortraitCollectionViewCell */,
				28864C2B26CEBD980015DA92 /* CategoryCollectionViewCell */,
			);
			path = CustomViews;
			sourceTree = "<group>";
		};
		28864C2B26CEBD980015DA92 /* CategoryCollectionViewCell */ = {
			isa = PBXGroup;
			children = (
				28864C2D26CEBDD70015DA92 /* CategoryCollectionViewCell.swift */,
				28864C2E26CEBDD70015DA92 /* CategoryCollectionViewCell.xib */,
			);
			path = CategoryCollectionViewCell;
			sourceTree = "<group>";
		};
		28864C3126CEBFAF0015DA92 /* Meal */ = {
			isa = PBXGroup;
			children = (
				28864C3226CEBFC50015DA92 /* MealCategory.swift */,
				28485E5F26CF8FE500146837 /* Meal.swift */,
				28F6450526D2442B009B1792 /* Order.swift */,
			);
			path = Meal;
			sourceTree = "<group>";
		};
		28864C3726CEC12F0015DA92 /* CardView */ = {
			isa = PBXGroup;
			children = (
				28864C3826CEC1430015DA92 /* CardView.swift */,
			);
			path = CardView;
			sourceTree = "<group>";
		};
/* End PBXGroup section */

/* Begin PBXNativeTarget section */
		281B283D26C56F5200636A0D /* FoodOrderingApp */ = {
			isa = PBXNativeTarget;
			buildConfigurationList = 281B285526C56F5400636A0D /* Build configuration list for PBXNativeTarget "FoodOrderingApp" */;
			buildPhases = (
				281B283A26C56F5200636A0D /* Sources */,
				281B283B26C56F5200636A0D /* Frameworks */,
				281B283C26C56F5200636A0D /* Resources */,
			);
			buildRules = (
			);
			dependencies = (
			);
			name = FoodOrderingApp;
			packageProductDependencies = (
				281B288326CACD3000636A0D /* FirebaseFirestoreSwift-Beta */,
				281B288526CACD3000636A0D /* FirebaseStorage */,
				281B288726CACD3000636A0D /* FirebaseAuth */,
				281B288926CACD3000636A0D /* FirebaseFirestore */,
				28864C3526CEC0990015DA92 /* Kingfisher */,
				28F6450826D24BE8009B1792 /* ProgressHUD */,
			);
			productName = FoodOrderingApp;
			productReference = 281B283E26C56F5200636A0D /* FoodOrderingApp.app */;
			productType = "com.apple.product-type.application";
		};
/* End PBXNativeTarget section */

/* Begin PBXProject section */
		281B283626C56F5200636A0D /* Project object */ = {
			isa = PBXProject;
			attributes = {
				LastSwiftUpdateCheck = 1250;
				LastUpgradeCheck = 1250;
				TargetAttributes = {
					281B283D26C56F5200636A0D = {
						CreatedOnToolsVersion = 12.5.1;
					};
				};
			};
			buildConfigurationList = 281B283926C56F5200636A0D /* Build configuration list for PBXProject "FoodOrderingApp" */;
			compatibilityVersion = "Xcode 9.3";
			developmentRegion = en;
			hasScannedForEncodings = 0;
			knownRegions = (
				en,
				Base,
			);
			mainGroup = 281B283526C56F5200636A0D;
			packageReferences = (
				281B288226CACD3000636A0D /* XCRemoteSwiftPackageReference "firebase-ios-sdk" */,
				28864C3426CEC0990015DA92 /* XCRemoteSwiftPackageReference "Kingfisher" */,
				28F6450726D24BE8009B1792 /* XCRemoteSwiftPackageReference "ProgressHUD" */,
			);
			productRefGroup = 281B283F26C56F5200636A0D /* Products */;
			projectDirPath = "";
			projectRoot = "";
			targets = (
				281B283D26C56F5200636A0D /* FoodOrderingApp */,
			);
		};
/* End PBXProject section */

/* Begin PBXResourcesBuildPhase section */
		281B283C26C56F5200636A0D /* Resources */ = {
			isa = PBXResourcesBuildPhase;
			buildActionMask = 2147483647;
			files = (
				28485E7126D0370500146837 /* MealListTableViewCell.xib in Resources */,
				281B285126C56F5400636A0D /* LaunchScreen.storyboard in Resources */,
				28F6450B26D274AC009B1792 /* README.md in Resources */,
				28F6450326D24297009B1792 /* OrderCollectionViewCell.xib in Resources */,
				28485E6526CFA80400146837 /* MealLandscapeCollectionViewCell.xib in Resources */,
				28864C3026CEBDD70015DA92 /* CategoryCollectionViewCell.xib in Resources */,
				28485E5E26CF8B2300146837 /* MealPortraitCollectionViewCell.xib in Resources */,
				281B287226C8282400636A0D /* GoogleService-Info.plist in Resources */,
				281B284E26C56F5400636A0D /* Assets.xcassets in Resources */,
				281B284926C56F5200636A0D /* Main.storyboard in Resources */,
			);
			runOnlyForDeploymentPostprocessing = 0;
		};
/* End PBXResourcesBuildPhase section */

/* Begin PBXSourcesBuildPhase section */
		281B283A26C56F5200636A0D /* Sources */ = {
			isa = PBXSourcesBuildPhase;
			buildActionMask = 2147483647;
			files = (
				281B286526C58CE400636A0D /* SignInViewController.swift in Sources */,
				28485E6B26D035D300146837 /* CategoryMealListViewController.swift in Sources */,
				28485E6826D00BE000146837 /* MealDetailViewController.swift in Sources */,
				28F6450226D24297009B1792 /* OrderCollectionViewCell.swift in Sources */,
				28485E6426CFA80400146837 /* MealLandscapeCollectionViewCell.swift in Sources */,
				281B285F26C57DDE00636A0D /* OnboardingSlide.swift in Sources */,
				281B286B26C81FA700636A0D /* SignUpViewController.swift in Sources */,
				28485E8126D074B300146837 /* UICollectionView+Extension.swift in Sources */,
				281B284626C56F5200636A0D /* OnboardingViewController.swift in Sources */,
				281B284226C56F5200636A0D /* AppDelegate.swift in Sources */,
				28864C2926CD62A70015DA92 /* HomeViewController.swift in Sources */,
				28485E7926D04BEE00146837 /* Route.swift in Sources */,
				28485E7B26D04EF400146837 /* NetworkService.swift in Sources */,
				28485E5D26CF8B2300146837 /* MealPortraitCollectionViewCell.swift in Sources */,
				28485E7726D04BCE00146837 /* Methods.swift in Sources */,
				28864C3326CEBFC50015DA92 /* MealCategory.swift in Sources */,
				28485E7026D0370500146837 /* MealListTableViewCell.swift in Sources */,
				28485E7E26D06FEE00146837 /* SearchViewController.swift in Sources */,
				28864C3926CEC1430015DA92 /* CardView.swift in Sources */,
				28485E7326D04B6500146837 /* ApiResponse.swift in Sources */,
				281B284426C56F5200636A0D /* SceneDelegate.swift in Sources */,
				28485E6026CF8FE500146837 /* Meal.swift in Sources */,
				281B287E26C838FD00636A0D /* GetLocationViewController.swift in Sources */,
				28864C2F26CEBDD70015DA92 /* CategoryCollectionViewCell.swift in Sources */,
				281B284C26C56F5200636A0D /* FoodOrderingApp.xcdatamodeld in Sources */,
				281B286126C57F3800636A0D /* OnboardingViewCell.swift in Sources */,
				28485E7526D04BAA00146837 /* AppError.swift in Sources */,
				28485E8426D07F0000146837 /* OrderViewController.swift in Sources */,
				28F6450626D2442B009B1792 /* Order.swift in Sources */,
			);
			runOnlyForDeploymentPostprocessing = 0;
		};
/* End PBXSourcesBuildPhase section */

/* Begin PBXVariantGroup section */
		281B284726C56F5200636A0D /* Main.storyboard */ = {
			isa = PBXVariantGroup;
			children = (
				281B284826C56F5200636A0D /* Base */,
			);
			name = Main.storyboard;
			sourceTree = "<group>";
		};
		281B284F26C56F5400636A0D /* LaunchScreen.storyboard */ = {
			isa = PBXVariantGroup;
			children = (
				281B285026C56F5400636A0D /* Base */,
			);
			name = LaunchScreen.storyboard;
			sourceTree = "<group>";
		};
/* End PBXVariantGroup section */

/* Begin XCBuildConfiguration section */
		281B285326C56F5400636A0D /* Debug */ = {
			isa = XCBuildConfiguration;
			buildSettings = {
				ALWAYS_SEARCH_USER_PATHS = NO;
				CLANG_ANALYZER_NONNULL = YES;
				CLANG_ANALYZER_NUMBER_OBJECT_CONVERSION = YES_AGGRESSIVE;
				CLANG_CXX_LANGUAGE_STANDARD = "gnu++14";
				CLANG_CXX_LIBRARY = "libc++";
				CLANG_ENABLE_MODULES = YES;
				CLANG_ENABLE_OBJC_ARC = YES;
				CLANG_ENABLE_OBJC_WEAK = YES;
				CLANG_WARN_BLOCK_CAPTURE_AUTORELEASING = YES;
				CLANG_WARN_BOOL_CONVERSION = YES;
				CLANG_WARN_COMMA = YES;
				CLANG_WARN_CONSTANT_CONVERSION = YES;
				CLANG_WARN_DEPRECATED_OBJC_IMPLEMENTATIONS = YES;
				CLANG_WARN_DIRECT_OBJC_ISA_USAGE = YES_ERROR;
				CLANG_WARN_DOCUMENTATION_COMMENTS = YES;
				CLANG_WARN_EMPTY_BODY = YES;
				CLANG_WARN_ENUM_CONVERSION = YES;
				CLANG_WARN_INFINITE_RECURSION = YES;
				CLANG_WARN_INT_CONVERSION = YES;
				CLANG_WARN_NON_LITERAL_NULL_CONVERSION = YES;
				CLANG_WARN_OBJC_IMPLICIT_RETAIN_SELF = YES;
				CLANG_WARN_OBJC_LITERAL_CONVERSION = YES;
				CLANG_WARN_OBJC_ROOT_CLASS = YES_ERROR;
				CLANG_WARN_QUOTED_INCLUDE_IN_FRAMEWORK_HEADER = YES;
				CLANG_WARN_RANGE_LOOP_ANALYSIS = YES;
				CLANG_WARN_STRICT_PROTOTYPES = YES;
				CLANG_WARN_SUSPICIOUS_MOVE = YES;
				CLANG_WARN_UNGUARDED_AVAILABILITY = YES_AGGRESSIVE;
				CLANG_WARN_UNREACHABLE_CODE = YES;
				CLANG_WARN__DUPLICATE_METHOD_MATCH = YES;
				COPY_PHASE_STRIP = NO;
				DEBUG_INFORMATION_FORMAT = dwarf;
				ENABLE_STRICT_OBJC_MSGSEND = YES;
				ENABLE_TESTABILITY = YES;
				GCC_C_LANGUAGE_STANDARD = gnu11;
				GCC_DYNAMIC_NO_PIC = NO;
				GCC_NO_COMMON_BLOCKS = YES;
				GCC_OPTIMIZATION_LEVEL = 0;
				GCC_PREPROCESSOR_DEFINITIONS = (
					"DEBUG=1",
					"$(inherited)",
				);
				GCC_WARN_64_TO_32_BIT_CONVERSION = YES;
				GCC_WARN_ABOUT_RETURN_TYPE = YES_ERROR;
				GCC_WARN_UNDECLARED_SELECTOR = YES;
				GCC_WARN_UNINITIALIZED_AUTOS = YES_AGGRESSIVE;
				GCC_WARN_UNUSED_FUNCTION = YES;
				GCC_WARN_UNUSED_VARIABLE = YES;
				IPHONEOS_DEPLOYMENT_TARGET = 14.5;
				MTL_ENABLE_DEBUG_INFO = INCLUDE_SOURCE;
				MTL_FAST_MATH = YES;
				ONLY_ACTIVE_ARCH = YES;
				SDKROOT = iphoneos;
				SWIFT_ACTIVE_COMPILATION_CONDITIONS = DEBUG;
				SWIFT_OPTIMIZATION_LEVEL = "-Onone";
			};
			name = Debug;
		};
		281B285426C56F5400636A0D /* Release */ = {
			isa = XCBuildConfiguration;
			buildSettings = {
				ALWAYS_SEARCH_USER_PATHS = NO;
				CLANG_ANALYZER_NONNULL = YES;
				CLANG_ANALYZER_NUMBER_OBJECT_CONVERSION = YES_AGGRESSIVE;
				CLANG_CXX_LANGUAGE_STANDARD = "gnu++14";
				CLANG_CXX_LIBRARY = "libc++";
				CLANG_ENABLE_MODULES = YES;
				CLANG_ENABLE_OBJC_ARC = YES;
				CLANG_ENABLE_OBJC_WEAK = YES;
				CLANG_WARN_BLOCK_CAPTURE_AUTORELEASING = YES;
				CLANG_WARN_BOOL_CONVERSION = YES;
				CLANG_WARN_COMMA = YES;
				CLANG_WARN_CONSTANT_CONVERSION = YES;
				CLANG_WARN_DEPRECATED_OBJC_IMPLEMENTATIONS = YES;
				CLANG_WARN_DIRECT_OBJC_ISA_USAGE = YES_ERROR;
				CLANG_WARN_DOCUMENTATION_COMMENTS = YES;
				CLANG_WARN_EMPTY_BODY = YES;
				CLANG_WARN_ENUM_CONVERSION = YES;
				CLANG_WARN_INFINITE_RECURSION = YES;
				CLANG_WARN_INT_CONVERSION = YES;
				CLANG_WARN_NON_LITERAL_NULL_CONVERSION = YES;
				CLANG_WARN_OBJC_IMPLICIT_RETAIN_SELF = YES;
				CLANG_WARN_OBJC_LITERAL_CONVERSION = YES;
				CLANG_WARN_OBJC_ROOT_CLASS = YES_ERROR;
				CLANG_WARN_QUOTED_INCLUDE_IN_FRAMEWORK_HEADER = YES;
				CLANG_WARN_RANGE_LOOP_ANALYSIS = YES;
				CLANG_WARN_STRICT_PROTOTYPES = YES;
				CLANG_WARN_SUSPICIOUS_MOVE = YES;
				CLANG_WARN_UNGUARDED_AVAILABILITY = YES_AGGRESSIVE;
				CLANG_WARN_UNREACHABLE_CODE = YES;
				CLANG_WARN__DUPLICATE_METHOD_MATCH = YES;
				COPY_PHASE_STRIP = NO;
				DEBUG_INFORMATION_FORMAT = "dwarf-with-dsym";
				ENABLE_NS_ASSERTIONS = NO;
				ENABLE_STRICT_OBJC_MSGSEND = YES;
				GCC_C_LANGUAGE_STANDARD = gnu11;
				GCC_NO_COMMON_BLOCKS = YES;
				GCC_WARN_64_TO_32_BIT_CONVERSION = YES;
				GCC_WARN_ABOUT_RETURN_TYPE = YES_ERROR;
				GCC_WARN_UNDECLARED_SELECTOR = YES;
				GCC_WARN_UNINITIALIZED_AUTOS = YES_AGGRESSIVE;
				GCC_WARN_UNUSED_FUNCTION = YES;
				GCC_WARN_UNUSED_VARIABLE = YES;
				IPHONEOS_DEPLOYMENT_TARGET = 14.5;
				MTL_ENABLE_DEBUG_INFO = NO;
				MTL_FAST_MATH = YES;
				SDKROOT = iphoneos;
				SWIFT_COMPILATION_MODE = wholemodule;
				SWIFT_OPTIMIZATION_LEVEL = "-O";
				VALIDATE_PRODUCT = YES;
			};
			name = Release;
		};
		281B285626C56F5400636A0D /* Debug */ = {
			isa = XCBuildConfiguration;
			buildSettings = {
				ASSETCATALOG_COMPILER_APPICON_NAME = AppIcon;
				ASSETCATALOG_COMPILER_GLOBAL_ACCENT_COLOR_NAME = AccentColor;
				CODE_SIGN_STYLE = Automatic;
				DEVELOPMENT_TEAM = 9A358TL45Y;
				INFOPLIST_FILE = FoodOrderingApp/Info.plist;
				LD_RUNPATH_SEARCH_PATHS = (
					"$(inherited)",
					"@executable_path/Frameworks",
				);
				PRODUCT_BUNDLE_IDENTIFIER = com.huseynvaliyev.FoodOrderingApp;
				PRODUCT_NAME = "$(TARGET_NAME)";
				SWIFT_VERSION = 5.0;
				TARGETED_DEVICE_FAMILY = "1,2";
			};
			name = Debug;
		};
		281B285726C56F5400636A0D /* Release */ = {
			isa = XCBuildConfiguration;
			buildSettings = {
				ASSETCATALOG_COMPILER_APPICON_NAME = AppIcon;
				ASSETCATALOG_COMPILER_GLOBAL_ACCENT_COLOR_NAME = AccentColor;
				CODE_SIGN_STYLE = Automatic;
				DEVELOPMENT_TEAM = 9A358TL45Y;
				INFOPLIST_FILE = FoodOrderingApp/Info.plist;
				LD_RUNPATH_SEARCH_PATHS = (
					"$(inherited)",
					"@executable_path/Frameworks",
				);
				PRODUCT_BUNDLE_IDENTIFIER = com.huseynvaliyev.FoodOrderingApp;
				PRODUCT_NAME = "$(TARGET_NAME)";
				SWIFT_VERSION = 5.0;
				TARGETED_DEVICE_FAMILY = "1,2";
			};
			name = Release;
		};
/* End XCBuildConfiguration section */

/* Begin XCConfigurationList section */
		281B283926C56F5200636A0D /* Build configuration list for PBXProject "FoodOrderingApp" */ = {
			isa = XCConfigurationList;
			buildConfigurations = (
				281B285326C56F5400636A0D /* Debug */,
				281B285426C56F5400636A0D /* Release */,
			);
			defaultConfigurationIsVisible = 0;
			defaultConfigurationName = Release;
		};
		281B285526C56F5400636A0D /* Build configuration list for PBXNativeTarget "FoodOrderingApp" */ = {
			isa = XCConfigurationList;
			buildConfigurations = (
				281B285626C56F5400636A0D /* Debug */,
				281B285726C56F5400636A0D /* Release */,
			);
			defaultConfigurationIsVisible = 0;
			defaultConfigurationName = Release;
		};
/* End XCConfigurationList section */

/* Begin XCRemoteSwiftPackageReference section */
		281B288226CACD3000636A0D /* XCRemoteSwiftPackageReference "firebase-ios-sdk" */ = {
			isa = XCRemoteSwiftPackageReference;
			repositoryURL = "https://github.com/firebase/firebase-ios-sdk.git";
			requirement = {
				kind = upToNextMajorVersion;
				minimumVersion = 8.5.0;
			};
		};
		28864C3426CEC0990015DA92 /* XCRemoteSwiftPackageReference "Kingfisher" */ = {
			isa = XCRemoteSwiftPackageReference;
			repositoryURL = "https://github.com/onevcat/Kingfisher";
			requirement = {
				kind = upToNextMajorVersion;
				minimumVersion = 6.3.1;
			};
		};
		28F6450726D24BE8009B1792 /* XCRemoteSwiftPackageReference "ProgressHUD" */ = {
			isa = XCRemoteSwiftPackageReference;
			repositoryURL = "https://github.com/relatedcode/ProgressHUD";
			requirement = {
				branch = master;
				kind = branch;
			};
		};
/* End XCRemoteSwiftPackageReference section */

/* Begin XCSwiftPackageProductDependency section */
		281B288326CACD3000636A0D /* FirebaseFirestoreSwift-Beta */ = {
			isa = XCSwiftPackageProductDependency;
			package = 281B288226CACD3000636A0D /* XCRemoteSwiftPackageReference "firebase-ios-sdk" */;
			productName = "FirebaseFirestoreSwift-Beta";
		};
		281B288526CACD3000636A0D /* FirebaseStorage */ = {
			isa = XCSwiftPackageProductDependency;
			package = 281B288226CACD3000636A0D /* XCRemoteSwiftPackageReference "firebase-ios-sdk" */;
			productName = FirebaseStorage;
		};
		281B288726CACD3000636A0D /* FirebaseAuth */ = {
			isa = XCSwiftPackageProductDependency;
			package = 281B288226CACD3000636A0D /* XCRemoteSwiftPackageReference "firebase-ios-sdk" */;
			productName = FirebaseAuth;
		};
		281B288926CACD3000636A0D /* FirebaseFirestore */ = {
			isa = XCSwiftPackageProductDependency;
			package = 281B288226CACD3000636A0D /* XCRemoteSwiftPackageReference "firebase-ios-sdk" */;
			productName = FirebaseFirestore;
		};
		28864C3526CEC0990015DA92 /* Kingfisher */ = {
			isa = XCSwiftPackageProductDependency;
			package = 28864C3426CEC0990015DA92 /* XCRemoteSwiftPackageReference "Kingfisher" */;
			productName = Kingfisher;
		};
		28F6450826D24BE8009B1792 /* ProgressHUD */ = {
			isa = XCSwiftPackageProductDependency;
			package = 28F6450726D24BE8009B1792 /* XCRemoteSwiftPackageReference "ProgressHUD" */;
			productName = ProgressHUD;
		};
/* End XCSwiftPackageProductDependency section */

/* Begin XCVersionGroup section */
		281B284A26C56F5200636A0D /* FoodOrderingApp.xcdatamodeld */ = {
			isa = XCVersionGroup;
			children = (
				281B284B26C56F5200636A0D /* FoodOrderingApp.xcdatamodel */,
			);
			currentVersion = 281B284B26C56F5200636A0D /* FoodOrderingApp.xcdatamodel */;
			path = FoodOrderingApp.xcdatamodeld;
			sourceTree = "<group>";
			versionGroupType = wrapper.xcdatamodel;
		};
/* End XCVersionGroup section */
	};
	rootObject = 281B283626C56F5200636A0D /* Project object */;
}
